
Microsoft Visual Studio Solution File, Format Version 12.00
# Visual Studio Version 16
VisualStudioVersion = 16.0.30804.86
MinimumVisualStudioVersion = 10.0.40219.1
Project("{FAE04EC0-301F-11D3-BF4B-00C04F79EFBC}") = "JokesWebApp", "JokesWebApp.csproj", "{3D352CB1-6EEB-4FF0-90EE-40F7FA3CF7A0}"
EndProject
Global
	GlobalSection(SolutionConfigurationPlatforms) = preSolution
		Debug|Any CPU = Debug|Any CPU
		Release|Any CPU = Release|Any CPU
	EndGlobalSection
	GlobalSection(ProjectConfigurationPlatforms) = postSolution
		{3D352CB1-6EEB-4FF0-90EE-40F7FA3CF7A0}.Debug|Any CPU.ActiveCfg = Debug|Any CPU
		{3D352CB1-6EEB-4FF0-90EE-40F7FA3CF7A0}.Debug|Any CPU.Build.0 = Debug|Any CPU
		{3D352CB1-6EEB-4FF0-90EE-40F7FA3CF7A0}.Release|Any CPU.ActiveCfg = Release|Any CPU
		{3D352CB1-6EEB-4FF0-90EE-40F7FA3CF7A0}.Release|Any CPU.Build.0 = Release|Any CPU
	EndGlobalSection
	GlobalSection(SolutionProperties) = preSolution
		HideSolutionNode = FALSE
	EndGlobalSection
	GlobalSection(ExtensibilityGlobals) = postSolution
		SolutionGuid = {A5E0676E-4619-4420-8106-95202F9FB5B6}
	EndGlobalSection
EndGlobal
